# THIS IS AN AUTOGENERATED FILE. DO NOT EDIT THIS FILE DIRECTLY.
# yarn lockfile v1


"@prettier/plugin-ruby@^3.1.2":
  version "3.1.2"
  resolved "https://registry.yarnpkg.com/@prettier/plugin-ruby/-/plugin-ruby-3.1.2.tgz#184b154d666fb4af3c41cf6bd55c373bb3b3540f"
  integrity sha512-0riBsZYu9MEdWgiZPKpZTdCbvLOk01xTvOs1wJbO7Hw4Fd/rX4Qhz+qsgJm+zloO99Zng88OQy96nSb6KUQHZg==
  dependencies:
    prettier ">=2.3.0"

prettier@>=2.3.0, prettier@^2.6.2:
  version "2.6.2"
  resolved "https://registry.yarnpkg.com/prettier/-/prettier-2.6.2.tgz#e26d71a18a74c3d0f0597f55f01fb6c06c206032"
  integrity sha512-PkUpF+qoXTqhOeWL9fu7As8LXsIUZ1WYaJiY/a7McAQzxjk82OF0tibkFXVCDImZtWxbvojFjerkiLb0/q8mew==
